# This file is autogenerated, do not edit; changes may be undone by the next 'dep ensure'.


[[projects]]
  branch = "master"
  name = "github.com/Sirupsen/logrus"
  packages = ["."]
  revision = "d682213848ed68c0a260ca37d6dd5ace8423f5ba"

[[projects]]
  branch = "master"
  name = "github.com/dustin/go-humanize"
  packages = ["."]
  revision = "bb3d318650d48840a39aa21a027c6630e198e626"

[[projects]]
  branch = "master"
  name = "github.com/julienschmidt/httprouter"
  packages = ["."]
  revision = "e1b9828bc9e5904baec057a154c09ca40fe7fae0"

[[projects]]
  branch = "master"
  name = "github.com/kennygrant/sanitize"
  packages = ["."]
  revision = "2e6820834a1f36c626bf19a253b7d3cc060e9b8b"

[[projects]]
  branch = "master"
  name = "github.com/nlopes/slack"
  packages = ["."]
  revision = "ccf0351050c69b08f9c48f3e876f4cd5564463e8"

[[projects]]
  branch = "release-branch.v6"
  name = "github.com/olivere/elastic"
  packages = [".","config","uritemplates"]
  revision = "7a065d53ac847c9aba9385e84fa24ef4647a6ae2"

[[projects]]
  branch = "master"
  name = "github.com/pkg/errors"
  packages = ["."]
  revision = "e881fd58d78e04cf6d0de1217f8707c8cc2249bc"

[[projects]]
  branch = "master"
  name = "github.com/satori/go.uuid"
  packages = ["."]
  revision = "5bf94b69c6b68ee1b541973bb8e1144db23a194b"

[[projects]]
  branch = "master"
  name = "golang.org/x/crypto"
  packages = ["ssh/terminal"]
  revision = "d585fd2cc9195196078f516b69daff6744ef5e84"

[[projects]]
  branch = "master"
  name = "golang.org/x/net"
  packages = ["html","html/atom","websocket"]
  revision = "d866cfc389cec985d6fda2859936a575a55a3ab6"

[[projects]]
  branch = "master"
  name = "golang.org/x/sys"
  packages = ["unix","windows"]
  revision = "83801418e1b59fb1880e363299581ee543af32ca"

[[projects]]
  branch = "v2"
  name = "gopkg.in/yaml.v2"
  packages = ["."]
  revision = "287cf08546ab5e7e37d55a84f7ed3fd1db036de5"

[solve-meta]
  analyzer-name = "dep"
  analyzer-version = 1
  inputs-digest = "23ec572eee872412ca24c3ef6b64f0fc475988881c19aa4a84686f7277382122"
  solver-name = "gps-cdcl"
  solver-version = 1
